# vx.lock - Auto-generated, do not edit manually
# Generated by vx 0.6.6

version = 1

[metadata]
generated_at = "2026-01-22T10:46:53Z"
vx_version = "0.6.6"
platform = "x86_64-pc-windows-msvc"

[tools.magick]
version = "7.1.2-13"
source = "vx install"
resolved_from = "latest"
ecosystem = "Generic"

[tools.just]
version = "1.46.0"
source = "vx install"
resolved_from = "latest"
ecosystem = "Generic"

[tools.java]
version = "25"
source = "vx install"
resolved_from = "latest"
ecosystem = "Generic"

[tools.bun]
version = "1.3.5"
source = "vx install"
resolved_from = "latest"
ecosystem = "Node"

[tools.gh]
version = "2.85.0"
source = "vx install"
resolved_from = "latest"
ecosystem = "Generic"

[tools.cmake]
version = "4.2.1"
source = "vx install"
resolved_from = "latest"
ecosystem = "Generic"

[tools.go]
version = "1.25.5"
source = "vx install"
resolved_from = "latest"
ecosystem = "Go"

[tools.node]
version = "24.12.0"
source = "vx install"
resolved_from = "latest"
ecosystem = "Node"

[tools.pre-commit]
version = "4.5.0"
source = "vx install"
resolved_from = "latest"
ecosystem = "Python"

[tools.python]
version = "3.12.12"
source = "vx install"
resolved_from = "3.12"
ecosystem = "Python"

[tools.uv]
version = "0.9.22"
source = "vx install"
resolved_from = "latest"
ecosystem = "Python"
