# vx.lock - Auto-generated, do not edit manually
# Generated by vx 0.6.6

version = 1

[metadata]
generated_at = "2026-01-13T03:45:36Z"
vx_version = "0.6.6"
platform = "x86_64-pc-windows-msvc"

[tools.node]
version = "24.12.0"
source = "vx install"
resolved_from = "latest"
ecosystem = "Node"

[tools.uv]
version = "0.9.22"
source = "vx install"
resolved_from = "latest"
ecosystem = "Python"

[tools.cmake]
version = "4.2.1"
source = "vx install"
resolved_from = "latest"
ecosystem = "Generic"

[tools.bun]
version = "1.3.5"
source = "vx install"
resolved_from = "latest"
ecosystem = "Node"
